
Microsoft Visual Studio Solution File, Format Version 12.00
# Visual Studio Version 16
VisualStudioVersion = 16.0.31424.327
MinimumVisualStudioVersion = 10.0.40219.1
Project("{9A19103F-16F7-4668-BE54-9A1E7A4F7556}") = "mts1", "mts\mts1.csproj", "{EF588A5C-039A-4253-8D61-C65F5FA03522}"
EndProject
Project("{9A19103F-16F7-4668-BE54-9A1E7A4F7556}") = "mts2", "mts2\mts2.csproj", "{7011AC55-0486-4D16-9078-CC590F183169}"
EndProject
Project("{9A19103F-16F7-4668-BE54-9A1E7A4F7556}") = "mts3", "mts3\mts3.csproj", "{5C3CB21F-9BBB-44AF-8EF7-C372A84DE687}"
EndProject
Project("{9A19103F-16F7-4668-BE54-9A1E7A4F7556}") = "mts4", "mts4\mts4.csproj", "{E3044AA5-18E3-47E9-AFD9-8A6D82B6518B}"
EndProject
Project("{FAE04EC0-301F-11D3-BF4B-00C04F79EFBC}") = "mts5", "mts5\mts5.csproj", "{DE5BBA5B-3A84-4B87-990F-AACD207E654F}"
EndProject
Global
	GlobalSection(SolutionConfigurationPlatforms) = preSolution
		Debug|Any CPU = Debug|Any CPU
		Release|Any CPU = Release|Any CPU
	EndGlobalSection
	GlobalSection(ProjectConfigurationPlatforms) = postSolution
		{EF588A5C-039A-4253-8D61-C65F5FA03522}.Debug|Any CPU.ActiveCfg = Debug|Any CPU
		{EF588A5C-039A-4253-8D61-C65F5FA03522}.Debug|Any CPU.Build.0 = Debug|Any CPU
		{EF588A5C-039A-4253-8D61-C65F5FA03522}.Release|Any CPU.ActiveCfg = Release|Any CPU
		{EF588A5C-039A-4253-8D61-C65F5FA03522}.Release|Any CPU.Build.0 = Release|Any CPU
		{7011AC55-0486-4D16-9078-CC590F183169}.Debug|Any CPU.ActiveCfg = Debug|Any CPU
		{7011AC55-0486-4D16-9078-CC590F183169}.Debug|Any CPU.Build.0 = Debug|Any CPU
		{7011AC55-0486-4D16-9078-CC590F183169}.Release|Any CPU.ActiveCfg = Release|Any CPU
		{7011AC55-0486-4D16-9078-CC590F183169}.Release|Any CPU.Build.0 = Release|Any CPU
		{5C3CB21F-9BBB-44AF-8EF7-C372A84DE687}.Debug|Any CPU.ActiveCfg = Debug|Any CPU
		{5C3CB21F-9BBB-44AF-8EF7-C372A84DE687}.Debug|Any CPU.Build.0 = Debug|Any CPU
		{5C3CB21F-9BBB-44AF-8EF7-C372A84DE687}.Release|Any CPU.ActiveCfg = Release|Any CPU
		{5C3CB21F-9BBB-44AF-8EF7-C372A84DE687}.Release|Any CPU.Build.0 = Release|Any CPU
		{E3044AA5-18E3-47E9-AFD9-8A6D82B6518B}.Debug|Any CPU.ActiveCfg = Debug|Any CPU
		{E3044AA5-18E3-47E9-AFD9-8A6D82B6518B}.Debug|Any CPU.Build.0 = Debug|Any CPU
		{E3044AA5-18E3-47E9-AFD9-8A6D82B6518B}.Release|Any CPU.ActiveCfg = Release|Any CPU
		{E3044AA5-18E3-47E9-AFD9-8A6D82B6518B}.Release|Any CPU.Build.0 = Release|Any CPU
		{DE5BBA5B-3A84-4B87-990F-AACD207E654F}.Debug|Any CPU.ActiveCfg = Debug|Any CPU
		{DE5BBA5B-3A84-4B87-990F-AACD207E654F}.Debug|Any CPU.Build.0 = Debug|Any CPU
		{DE5BBA5B-3A84-4B87-990F-AACD207E654F}.Release|Any CPU.ActiveCfg = Release|Any CPU
		{DE5BBA5B-3A84-4B87-990F-AACD207E654F}.Release|Any CPU.Build.0 = Release|Any CPU
	EndGlobalSection
	GlobalSection(SolutionProperties) = preSolution
		HideSolutionNode = FALSE
	EndGlobalSection
	GlobalSection(ExtensibilityGlobals) = postSolution
		SolutionGuid = {A1438A0E-72F5-4FCC-BD55-2275A666AF87}
	EndGlobalSection
EndGlobal
